
Microsoft Visual Studio Solution File, Format Version 12.00
# Visual Studio 2012
Project("{FAE04EC0-301F-11D3-BF4B-00C04F79EFBC}") = "PowerTodoApp", "PowerTodoApp\PowerTodoApp.csproj", "{F2991F36-16EC-4768-B8C8-F40A251B96B6}"
EndProject
Project("{FAE04EC0-301F-11D3-BF4B-00C04F79EFBC}") = "PowerTodoApp.Tests", "PowerTodoApp.Tests\PowerTodoApp.Tests.csproj", "{245454C5-878B-4F3B-8289-809D66AA1D28}"
EndProject
Global
	GlobalSection(SolutionConfigurationPlatforms) = preSolution
		Debug|Any CPU = Debug|Any CPU
		Release|Any CPU = Release|Any CPU
	EndGlobalSection
	GlobalSection(ProjectConfigurationPlatforms) = postSolution
		{245454C5-878B-4F3B-8289-809D66AA1D28}.Debug|Any CPU.ActiveCfg = Debug|Any CPU
		{245454C5-878B-4F3B-8289-809D66AA1D28}.Debug|Any CPU.Build.0 = Debug|Any CPU
		{245454C5-878B-4F3B-8289-809D66AA1D28}.Release|Any CPU.ActiveCfg = Release|Any CPU
		{245454C5-878B-4F3B-8289-809D66AA1D28}.Release|Any CPU.Build.0 = Release|Any CPU
		{F2991F36-16EC-4768-B8C8-F40A251B96B6}.Debug|Any CPU.ActiveCfg = Debug|Any CPU
		{F2991F36-16EC-4768-B8C8-F40A251B96B6}.Debug|Any CPU.Build.0 = Debug|Any CPU
		{F2991F36-16EC-4768-B8C8-F40A251B96B6}.Release|Any CPU.ActiveCfg = Release|Any CPU
		{F2991F36-16EC-4768-B8C8-F40A251B96B6}.Release|Any CPU.Build.0 = Release|Any CPU
	EndGlobalSection
	GlobalSection(SolutionProperties) = preSolution
		HideSolutionNode = FALSE
	EndGlobalSection
EndGlobal
